
Microsoft Visual Studio Solution File, Format Version 12.00
# Visual Studio 15
Project("{FAE04EC0-301F-11D3-BF4B-00C04F79EFBC}") = "Mirror", "Mirror.csproj", "{968C54CF-EB3C-4464-32FA-B4DCF9D165BF}"
EndProject
Project("{FAE04EC0-301F-11D3-BF4B-00C04F79EFBC}") = "Telepathy", "Telepathy.csproj", "{CE6026B1-E8E3-05AE-88DD-2E2276AAC6D7}"
EndProject
Project("{FAE04EC0-301F-11D3-BF4B-00C04F79EFBC}") = "Mirror.Websocket", "Mirror.Websocket.csproj", "{29B0B153-931F-F853-DE3F-1F61351C0F7C}"
EndProject
Project("{FAE04EC0-301F-11D3-BF4B-00C04F79EFBC}") = "Mirror.Cloud", "Mirror.Cloud.csproj", "{E6C8281F-2125-EA99-E803-8270A5692EDB}"
EndProject
Project("{FAE04EC0-301F-11D3-BF4B-00C04F79EFBC}") = "Mirror.Components", "Mirror.Components.csproj", "{058BA8C5-D899-58A4-1CCF-BCC795606DB9}"
EndProject
Project("{FAE04EC0-301F-11D3-BF4B-00C04F79EFBC}") = "Ninja.WebSockets", "Ninja.WebSockets.csproj", "{F49D5763-FF3A-A083-DE47-E637C8A8C827}"
EndProject
Project("{FAE04EC0-301F-11D3-BF4B-00C04F79EFBC}") = "Assembly-CSharp", "Assembly-CSharp.csproj", "{3BC175CA-17F1-CA42-7C50-A8E9096A38DA}"
EndProject
Project("{FAE04EC0-301F-11D3-BF4B-00C04F79EFBC}") = "Mirror.Examples", "Mirror.Examples.csproj", "{35AD59F5-07FB-0900-FF64-D6572F0AEEC8}"
EndProject
Project("{FAE04EC0-301F-11D3-BF4B-00C04F79EFBC}") = "Mirror.Examples.Cloud.GUI", "Mirror.Examples.Cloud.GUI.csproj", "{7789286B-A789-A747-6D3C-BF17F51BC35B}"
EndProject
Project("{FAE04EC0-301F-11D3-BF4B-00C04F79EFBC}") = "Mirror.Examples.Cloud.Pong", "Mirror.Examples.Cloud.Pong.csproj", "{E6040B76-CAEF-2ABA-01C5-E6264E1528D1}"
EndProject
Project("{FAE04EC0-301F-11D3-BF4B-00C04F79EFBC}") = "Mirror.Authenticators", "Mirror.Authenticators.csproj", "{63CA77C2-5743-3904-219F-5026D4FE9731}"
EndProject
Project("{FAE04EC0-301F-11D3-BF4B-00C04F79EFBC}") = "Mirror.example.RigidbodyPhysics", "Mirror.example.RigidbodyPhysics.csproj", "{4E88E215-3AF8-73AF-C42D-8A278CF369D2}"
EndProject
Project("{FAE04EC0-301F-11D3-BF4B-00C04F79EFBC}") = "Mirror.Weaver", "Mirror.Weaver.csproj", "{6FC1F8EC-E5C9-7B98-3D7C-2F92B9441B44}"
EndProject
Project("{FAE04EC0-301F-11D3-BF4B-00C04F79EFBC}") = "Mirror.Editor", "Mirror.Editor.csproj", "{A29DF271-1B13-85FB-9030-944DBC02A7A2}"
EndProject
Project("{FAE04EC0-301F-11D3-BF4B-00C04F79EFBC}") = "Mirror.CompilerSymbols", "Mirror.CompilerSymbols.csproj", "{430252BD-5695-B083-E552-CB1EAFBF88AD}"
EndProject
Global
	GlobalSection(SolutionConfigurationPlatforms) = preSolution
		Debug|Any CPU = Debug|Any CPU
		Release|Any CPU = Release|Any CPU
	EndGlobalSection
	GlobalSection(ProjectConfigurationPlatforms) = postSolution
		{968C54CF-EB3C-4464-32FA-B4DCF9D165BF}.Debug|Any CPU.ActiveCfg = Debug|Any CPU
		{968C54CF-EB3C-4464-32FA-B4DCF9D165BF}.Debug|Any CPU.Build.0 = Debug|Any CPU
		{968C54CF-EB3C-4464-32FA-B4DCF9D165BF}.Release|Any CPU.ActiveCfg = Release|Any CPU
		{968C54CF-EB3C-4464-32FA-B4DCF9D165BF}.Release|Any CPU.Build.0 = Release|Any CPU
		{CE6026B1-E8E3-05AE-88DD-2E2276AAC6D7}.Debug|Any CPU.ActiveCfg = Debug|Any CPU
		{CE6026B1-E8E3-05AE-88DD-2E2276AAC6D7}.Debug|Any CPU.Build.0 = Debug|Any CPU
		{CE6026B1-E8E3-05AE-88DD-2E2276AAC6D7}.Release|Any CPU.ActiveCfg = Release|Any CPU
		{CE6026B1-E8E3-05AE-88DD-2E2276AAC6D7}.Release|Any CPU.Build.0 = Release|Any CPU
		{29B0B153-931F-F853-DE3F-1F61351C0F7C}.Debug|Any CPU.ActiveCfg = Debug|Any CPU
		{29B0B153-931F-F853-DE3F-1F61351C0F7C}.Debug|Any CPU.Build.0 = Debug|Any CPU
		{29B0B153-931F-F853-DE3F-1F61351C0F7C}.Release|Any CPU.ActiveCfg = Release|Any CPU
		{29B0B153-931F-F853-DE3F-1F61351C0F7C}.Release|Any CPU.Build.0 = Release|Any CPU
		{E6C8281F-2125-EA99-E803-8270A5692EDB}.Debug|Any CPU.ActiveCfg = Debug|Any CPU
		{E6C8281F-2125-EA99-E803-8270A5692EDB}.Debug|Any CPU.Build.0 = Debug|Any CPU
		{E6C8281F-2125-EA99-E803-8270A5692EDB}.Release|Any CPU.ActiveCfg = Release|Any CPU
		{E6C8281F-2125-EA99-E803-8270A5692EDB}.Release|Any CPU.Build.0 = Release|Any CPU
		{058BA8C5-D899-58A4-1CCF-BCC795606DB9}.Debug|Any CPU.ActiveCfg = Debug|Any CPU
		{058BA8C5-D899-58A4-1CCF-BCC795606DB9}.Debug|Any CPU.Build.0 = Debug|Any CPU
		{058BA8C5-D899-58A4-1CCF-BCC795606DB9}.Release|Any CPU.ActiveCfg = Release|Any CPU
		{058BA8C5-D899-58A4-1CCF-BCC795606DB9}.Release|Any CPU.Build.0 = Release|Any CPU
		{F49D5763-FF3A-A083-DE47-E637C8A8C827}.Debug|Any CPU.ActiveCfg = Debug|Any CPU
		{F49D5763-FF3A-A083-DE47-E637C8A8C827}.Debug|Any CPU.Build.0 = Debug|Any CPU
		{F49D5763-FF3A-A083-DE47-E637C8A8C827}.Release|Any CPU.ActiveCfg = Release|Any CPU
		{F49D5763-FF3A-A083-DE47-E637C8A8C827}.Release|Any CPU.Build.0 = Release|Any CPU
		{3BC175CA-17F1-CA42-7C50-A8E9096A38DA}.Debug|Any CPU.ActiveCfg = Debug|Any CPU
		{3BC175CA-17F1-CA42-7C50-A8E9096A38DA}.Debug|Any CPU.Build.0 = Debug|Any CPU
		{3BC175CA-17F1-CA42-7C50-A8E9096A38DA}.Release|Any CPU.ActiveCfg = Release|Any CPU
		{3BC175CA-17F1-CA42-7C50-A8E9096A38DA}.Release|Any CPU.Build.0 = Release|Any CPU
		{35AD59F5-07FB-0900-FF64-D6572F0AEEC8}.Debug|Any CPU.ActiveCfg = Debug|Any CPU
		{35AD59F5-07FB-0900-FF64-D6572F0AEEC8}.Debug|Any CPU.Build.0 = Debug|Any CPU
		{35AD59F5-07FB-0900-FF64-D6572F0AEEC8}.Release|Any CPU.ActiveCfg = Release|Any CPU
		{35AD59F5-07FB-0900-FF64-D6572F0AEEC8}.Release|Any CPU.Build.0 = Release|Any CPU
		{7789286B-A789-A747-6D3C-BF17F51BC35B}.Debug|Any CPU.ActiveCfg = Debug|Any CPU
		{7789286B-A789-A747-6D3C-BF17F51BC35B}.Debug|Any CPU.Build.0 = Debug|Any CPU
		{7789286B-A789-A747-6D3C-BF17F51BC35B}.Release|Any CPU.ActiveCfg = Release|Any CPU
		{7789286B-A789-A747-6D3C-BF17F51BC35B}.Release|Any CPU.Build.0 = Release|Any CPU
		{E6040B76-CAEF-2ABA-01C5-E6264E1528D1}.Debug|Any CPU.ActiveCfg = Debug|Any CPU
		{E6040B76-CAEF-2ABA-01C5-E6264E1528D1}.Debug|Any CPU.Build.0 = Debug|Any CPU
		{E6040B76-CAEF-2ABA-01C5-E6264E1528D1}.Release|Any CPU.ActiveCfg = Release|Any CPU
		{E6040B76-CAEF-2ABA-01C5-E6264E1528D1}.Release|Any CPU.Build.0 = Release|Any CPU
		{63CA77C2-5743-3904-219F-5026D4FE9731}.Debug|Any CPU.ActiveCfg = Debug|Any CPU
		{63CA77C2-5743-3904-219F-5026D4FE9731}.Debug|Any CPU.Build.0 = Debug|Any CPU
		{63CA77C2-5743-3904-219F-5026D4FE9731}.Release|Any CPU.ActiveCfg = Release|Any CPU
		{63CA77C2-5743-3904-219F-5026D4FE9731}.Release|Any CPU.Build.0 = Release|Any CPU
		{4E88E215-3AF8-73AF-C42D-8A278CF369D2}.Debug|Any CPU.ActiveCfg = Debug|Any CPU
		{4E88E215-3AF8-73AF-C42D-8A278CF369D2}.Debug|Any CPU.Build.0 = Debug|Any CPU
		{4E88E215-3AF8-73AF-C42D-8A278CF369D2}.Release|Any CPU.ActiveCfg = Release|Any CPU
		{4E88E215-3AF8-73AF-C42D-8A278CF369D2}.Release|Any CPU.Build.0 = Release|Any CPU
		{6FC1F8EC-E5C9-7B98-3D7C-2F92B9441B44}.Debug|Any CPU.ActiveCfg = Debug|Any CPU
		{6FC1F8EC-E5C9-7B98-3D7C-2F92B9441B44}.Debug|Any CPU.Build.0 = Debug|Any CPU
		{6FC1F8EC-E5C9-7B98-3D7C-2F92B9441B44}.Release|Any CPU.ActiveCfg = Release|Any CPU
		{6FC1F8EC-E5C9-7B98-3D7C-2F92B9441B44}.Release|Any CPU.Build.0 = Release|Any CPU
		{A29DF271-1B13-85FB-9030-944DBC02A7A2}.Debug|Any CPU.ActiveCfg = Debug|Any CPU
		{A29DF271-1B13-85FB-9030-944DBC02A7A2}.Debug|Any CPU.Build.0 = Debug|Any CPU
		{A29DF271-1B13-85FB-9030-944DBC02A7A2}.Release|Any CPU.ActiveCfg = Release|Any CPU
		{A29DF271-1B13-85FB-9030-944DBC02A7A2}.Release|Any CPU.Build.0 = Release|Any CPU
		{430252BD-5695-B083-E552-CB1EAFBF88AD}.Debug|Any CPU.ActiveCfg = Debug|Any CPU
		{430252BD-5695-B083-E552-CB1EAFBF88AD}.Debug|Any CPU.Build.0 = Debug|Any CPU
		{430252BD-5695-B083-E552-CB1EAFBF88AD}.Release|Any CPU.ActiveCfg = Release|Any CPU
		{430252BD-5695-B083-E552-CB1EAFBF88AD}.Release|Any CPU.Build.0 = Release|Any CPU
	EndGlobalSection
	GlobalSection(SolutionProperties) = preSolution
		HideSolutionNode = FALSE
	EndGlobalSection
EndGlobal
